
Microsoft Visual Studio Solution File, Format Version 12.00
# Visual Studio Version 17
VisualStudioVersion = 17.5.002.0
MinimumVisualStudioVersion = 10.0.40219.1
Project("{2150E333-8FDC-42A3-9474-1A3956D46DE8}") = "src", "src", "{7424A254-D0D9-4DF7-850E-AC9D623B297B}"
EndProject
Project("{9A19103F-16F7-4668-BE54-9A1E7A4F7556}") = "SignalRServer", "src\SignalRServer\SignalRServer.csproj", "{C4A7EADC-0D5A-4F54-9AAD-4FC054D7BAD8}"
EndProject
Global
	GlobalSection(SolutionConfigurationPlatforms) = preSolution
		Debug|Any CPU = Debug|Any CPU
		Release|Any CPU = Release|Any CPU
	EndGlobalSection
	GlobalSection(ProjectConfigurationPlatforms) = postSolution
		{C4A7EADC-0D5A-4F54-9AAD-4FC054D7BAD8}.Debug|Any CPU.ActiveCfg = Debug|Any CPU
		{C4A7EADC-0D5A-4F54-9AAD-4FC054D7BAD8}.Debug|Any CPU.Build.0 = Debug|Any CPU
		{C4A7EADC-0D5A-4F54-9AAD-4FC054D7BAD8}.Release|Any CPU.ActiveCfg = Release|Any CPU
		{C4A7EADC-0D5A-4F54-9AAD-4FC054D7BAD8}.Release|Any CPU.Build.0 = Release|Any CPU
	EndGlobalSection
	GlobalSection(SolutionProperties) = preSolution
		HideSolutionNode = FALSE
	EndGlobalSection
	GlobalSection(NestedProjects) = preSolution
		{C4A7EADC-0D5A-4F54-9AAD-4FC054D7BAD8} = {7424A254-D0D9-4DF7-850E-AC9D623B297B}
	EndGlobalSection
	GlobalSection(ExtensibilityGlobals) = postSolution
		SolutionGuid = {280136AB-84B7-4A87-B760-2A55B5121F9D}
	EndGlobalSection
EndGlobal
